
Microsoft Visual Studio Solution File, Format Version 12.00
# Visual Studio Version 16
VisualStudioVersion = 16.0.33927.289
MinimumVisualStudioVersion = 10.0.40219.1
Project("{2150E333-8FDC-42A3-9474-1A3956D46DE8}") = "Task0", "Task0", "{83EA7BE2-9E95-4087-ACE4-271E44931BB3}"
EndProject
Project("{FAE04EC0-301F-11D3-BF4B-00C04F79EFBC}") = "Tyuiu.RakhmatullinKK.Sprint1.Task0.V29", "Tyuiu.RakhmatullinKK.Sprint1.Task0.V0\Tyuiu.RakhmatullinKK.Sprint1.Task0.V29.csproj", "{7EE9E52B-80FF-4DF7-AD22-4FE7D6F2DEA6}"
EndProject
Project("{FAE04EC0-301F-11D3-BF4B-00C04F79EFBC}") = "Tyuiu.RakhmatullinKK.Sprint1.Task0.V29.Lib", "Tyuiu.RakhmatullinKK.Sprint1.Task0.V0.Lib\Tyuiu.RakhmatullinKK.Sprint1.Task0.V29.Lib.csproj", "{874D2779-E432-4762-8F7F-19A8C14ECF54}"
EndProject
Project("{FAE04EC0-301F-11D3-BF4B-00C04F79EFBC}") = "Tyuiu.RakhmatullinKK.Sprint1.Task0.V29.Test", "Tyuiu.RakhmatullinKK.Sprint1.Task0.V0.Test\Tyuiu.RakhmatullinKK.Sprint1.Task0.V29.Test.csproj", "{80960853-CA0F-4170-9929-19611C7F415B}"
EndProject
Project("{2150E333-8FDC-42A3-9474-1A3956D46DE8}") = "Task1", "Task1", "{A517DF66-BFA9-4F99-A500-4FB56019594D}"
EndProject
Project("{FAE04EC0-301F-11D3-BF4B-00C04F79EFBC}") = "Tyuiu.RakhmatullinKK.Sprint1.Task1.V12.Test", "Tyuiu.RakhmatullinKK.Sprint1.Task1.V12.Test\Tyuiu.RakhmatullinKK.Sprint1.Task1.V12.Test.csproj", "{5D3985E3-1304-4665-A917-D5EE0B6B4806}"
EndProject
Project("{FAE04EC0-301F-11D3-BF4B-00C04F79EFBC}") = "Tyuiu.RakhmatullinKK.Sprint1.Task1.V12", "Tyuiu.RakhmatullinKK.Sprint1.Task1.V12\Tyuiu.RakhmatullinKK.Sprint1.Task1.V12.csproj", "{F491FE41-494D-4226-B171-3C5ACDDA6DE9}"
EndProject
Project("{FAE04EC0-301F-11D3-BF4B-00C04F79EFBC}") = "Tyuiu.RakhmatullinKK.Sprint1.Task1.V12.Lib", "Tyuiu.RakhmatullinKK.Sprint1.Task1.V12.Lib\Tyuiu.RakhmatullinKK.Sprint1.Task1.V12.Lib.csproj", "{093238B8-0E1E-4350-80C9-132769605531}"
EndProject
Project("{2150E333-8FDC-42A3-9474-1A3956D46DE8}") = "Task2", "Task2", "{A1B48C8C-9FC5-42A3-AFAF-5DF3BF9B1ED2}"
EndProject
Project("{FAE04EC0-301F-11D3-BF4B-00C04F79EFBC}") = "Tyuiu.RakhmatullinKK.Sprint1.Task2.V23.Lib", "Tyuiu.RakhmatullinKK.Sprint1.Task2.V23.Lib\Tyuiu.RakhmatullinKK.Sprint1.Task2.V23.Lib.csproj", "{568918EE-0363-4EE9-BDB6-F7F2BEDE2775}"
EndProject
Project("{FAE04EC0-301F-11D3-BF4B-00C04F79EFBC}") = "Tyuiu.RakhmatullinKK.Sprint1.Task2.V23.Test", "Tyuiu.RakhmatullinKK.Sprint1.Task2.V23.Test\Tyuiu.RakhmatullinKK.Sprint1.Task2.V23.Test.csproj", "{9A1522B4-A2CE-40F7-8456-EDC2C25662D8}"
EndProject
Project("{FAE04EC0-301F-11D3-BF4B-00C04F79EFBC}") = "Tyuiu.RakhmatullinKK.Sprint1.Task2.V23", "Tyuiu.RakhmatullinKK.Sprint1.Task2.V23\Tyuiu.RakhmatullinKK.Sprint1.Task2.V23.csproj", "{2676DF9B-75F4-40E0-B6FD-B42A8247F7BC}"
EndProject
Project("{2150E333-8FDC-42A3-9474-1A3956D46DE8}") = "Task3", "Task3", "{B5AE02C4-7B71-4AAA-A4CB-EF7D735385E2}"
EndProject
Project("{FAE04EC0-301F-11D3-BF4B-00C04F79EFBC}") = "Tyuiu.RakhmatullinKK.Sprint1.Task3.V18.Test", "Tyuiu.RakhmatullinKK.Sprint1.Task3.V18.Test\Tyuiu.RakhmatullinKK.Sprint1.Task3.V18.Test.csproj", "{257BDDF1-629E-4163-825D-91FC28542E1C}"
EndProject
Project("{FAE04EC0-301F-11D3-BF4B-00C04F79EFBC}") = "Tyuiu.RakhmatullinKK.Sprint1.Task3.V18.Lib", "Tyuiu.RakhmatullinKK.Sprint1.Task3.V18.Lib\Tyuiu.RakhmatullinKK.Sprint1.Task3.V18.Lib.csproj", "{FE51C4A1-35B2-4638-BC8D-E2CD1C622A05}"
EndProject
Project("{FAE04EC0-301F-11D3-BF4B-00C04F79EFBC}") = "Tyuiu.RakhmatullinKK.Sprint1.Task3.V18", "Tyuiu.RakhmatullinKK.Sprint1.Task3.V18\Tyuiu.RakhmatullinKK.Sprint1.Task3.V18.csproj", "{CBC4303D-1E97-47B7-9AFE-3EB2B65CA68E}"
EndProject
Global
	GlobalSection(SolutionConfigurationPlatforms) = preSolution
		Debug|Any CPU = Debug|Any CPU
		Release|Any CPU = Release|Any CPU
	EndGlobalSection
	GlobalSection(ProjectConfigurationPlatforms) = postSolution
		{7EE9E52B-80FF-4DF7-AD22-4FE7D6F2DEA6}.Debug|Any CPU.ActiveCfg = Debug|Any CPU
		{7EE9E52B-80FF-4DF7-AD22-4FE7D6F2DEA6}.Debug|Any CPU.Build.0 = Debug|Any CPU
		{7EE9E52B-80FF-4DF7-AD22-4FE7D6F2DEA6}.Release|Any CPU.ActiveCfg = Release|Any CPU
		{7EE9E52B-80FF-4DF7-AD22-4FE7D6F2DEA6}.Release|Any CPU.Build.0 = Release|Any CPU
		{874D2779-E432-4762-8F7F-19A8C14ECF54}.Debug|Any CPU.ActiveCfg = Debug|Any CPU
		{874D2779-E432-4762-8F7F-19A8C14ECF54}.Debug|Any CPU.Build.0 = Debug|Any CPU
		{874D2779-E432-4762-8F7F-19A8C14ECF54}.Release|Any CPU.ActiveCfg = Release|Any CPU
		{874D2779-E432-4762-8F7F-19A8C14ECF54}.Release|Any CPU.Build.0 = Release|Any CPU
		{80960853-CA0F-4170-9929-19611C7F415B}.Debug|Any CPU.ActiveCfg = Debug|Any CPU
		{80960853-CA0F-4170-9929-19611C7F415B}.Debug|Any CPU.Build.0 = Debug|Any CPU
		{80960853-CA0F-4170-9929-19611C7F415B}.Release|Any CPU.ActiveCfg = Release|Any CPU
		{80960853-CA0F-4170-9929-19611C7F415B}.Release|Any CPU.Build.0 = Release|Any CPU
		{5D3985E3-1304-4665-A917-D5EE0B6B4806}.Debug|Any CPU.ActiveCfg = Debug|Any CPU
		{5D3985E3-1304-4665-A917-D5EE0B6B4806}.Debug|Any CPU.Build.0 = Debug|Any CPU
		{5D3985E3-1304-4665-A917-D5EE0B6B4806}.Release|Any CPU.ActiveCfg = Release|Any CPU
		{5D3985E3-1304-4665-A917-D5EE0B6B4806}.Release|Any CPU.Build.0 = Release|Any CPU
		{F491FE41-494D-4226-B171-3C5ACDDA6DE9}.Debug|Any CPU.ActiveCfg = Debug|Any CPU
		{F491FE41-494D-4226-B171-3C5ACDDA6DE9}.Debug|Any CPU.Build.0 = Debug|Any CPU
		{F491FE41-494D-4226-B171-3C5ACDDA6DE9}.Release|Any CPU.ActiveCfg = Release|Any CPU
		{F491FE41-494D-4226-B171-3C5ACDDA6DE9}.Release|Any CPU.Build.0 = Release|Any CPU
		{093238B8-0E1E-4350-80C9-132769605531}.Debug|Any CPU.ActiveCfg = Debug|Any CPU
		{093238B8-0E1E-4350-80C9-132769605531}.Debug|Any CPU.Build.0 = Debug|Any CPU
		{093238B8-0E1E-4350-80C9-132769605531}.Release|Any CPU.ActiveCfg = Release|Any CPU
		{093238B8-0E1E-4350-80C9-132769605531}.Release|Any CPU.Build.0 = Release|Any CPU
		{568918EE-0363-4EE9-BDB6-F7F2BEDE2775}.Debug|Any CPU.ActiveCfg = Debug|Any CPU
		{568918EE-0363-4EE9-BDB6-F7F2BEDE2775}.Debug|Any CPU.Build.0 = Debug|Any CPU
		{568918EE-0363-4EE9-BDB6-F7F2BEDE2775}.Release|Any CPU.ActiveCfg = Release|Any CPU
		{568918EE-0363-4EE9-BDB6-F7F2BEDE2775}.Release|Any CPU.Build.0 = Release|Any CPU
		{9A1522B4-A2CE-40F7-8456-EDC2C25662D8}.Debug|Any CPU.ActiveCfg = Debug|Any CPU
		{9A1522B4-A2CE-40F7-8456-EDC2C25662D8}.Debug|Any CPU.Build.0 = Debug|Any CPU
		{9A1522B4-A2CE-40F7-8456-EDC2C25662D8}.Release|Any CPU.ActiveCfg = Release|Any CPU
		{9A1522B4-A2CE-40F7-8456-EDC2C25662D8}.Release|Any CPU.Build.0 = Release|Any CPU
		{2676DF9B-75F4-40E0-B6FD-B42A8247F7BC}.Debug|Any CPU.ActiveCfg = Debug|Any CPU
		{2676DF9B-75F4-40E0-B6FD-B42A8247F7BC}.Debug|Any CPU.Build.0 = Debug|Any CPU
		{2676DF9B-75F4-40E0-B6FD-B42A8247F7BC}.Release|Any CPU.ActiveCfg = Release|Any CPU
		{2676DF9B-75F4-40E0-B6FD-B42A8247F7BC}.Release|Any CPU.Build.0 = Release|Any CPU
		{257BDDF1-629E-4163-825D-91FC28542E1C}.Debug|Any CPU.ActiveCfg = Debug|Any CPU
		{257BDDF1-629E-4163-825D-91FC28542E1C}.Debug|Any CPU.Build.0 = Debug|Any CPU
		{257BDDF1-629E-4163-825D-91FC28542E1C}.Release|Any CPU.ActiveCfg = Release|Any CPU
		{257BDDF1-629E-4163-825D-91FC28542E1C}.Release|Any CPU.Build.0 = Release|Any CPU
		{FE51C4A1-35B2-4638-BC8D-E2CD1C622A05}.Debug|Any CPU.ActiveCfg = Debug|Any CPU
		{FE51C4A1-35B2-4638-BC8D-E2CD1C622A05}.Debug|Any CPU.Build.0 = Debug|Any CPU
		{FE51C4A1-35B2-4638-BC8D-E2CD1C622A05}.Release|Any CPU.ActiveCfg = Release|Any CPU
		{FE51C4A1-35B2-4638-BC8D-E2CD1C622A05}.Release|Any CPU.Build.0 = Release|Any CPU
		{CBC4303D-1E97-47B7-9AFE-3EB2B65CA68E}.Debug|Any CPU.ActiveCfg = Debug|Any CPU
		{CBC4303D-1E97-47B7-9AFE-3EB2B65CA68E}.Debug|Any CPU.Build.0 = Debug|Any CPU
		{CBC4303D-1E97-47B7-9AFE-3EB2B65CA68E}.Release|Any CPU.ActiveCfg = Release|Any CPU
		{CBC4303D-1E97-47B7-9AFE-3EB2B65CA68E}.Release|Any CPU.Build.0 = Release|Any CPU
	EndGlobalSection
	GlobalSection(SolutionProperties) = preSolution
		HideSolutionNode = FALSE
	EndGlobalSection
	GlobalSection(NestedProjects) = preSolution
		{7EE9E52B-80FF-4DF7-AD22-4FE7D6F2DEA6} = {83EA7BE2-9E95-4087-ACE4-271E44931BB3}
		{874D2779-E432-4762-8F7F-19A8C14ECF54} = {83EA7BE2-9E95-4087-ACE4-271E44931BB3}
		{80960853-CA0F-4170-9929-19611C7F415B} = {83EA7BE2-9E95-4087-ACE4-271E44931BB3}
		{5D3985E3-1304-4665-A917-D5EE0B6B4806} = {A517DF66-BFA9-4F99-A500-4FB56019594D}
		{F491FE41-494D-4226-B171-3C5ACDDA6DE9} = {A517DF66-BFA9-4F99-A500-4FB56019594D}
		{093238B8-0E1E-4350-80C9-132769605531} = {A517DF66-BFA9-4F99-A500-4FB56019594D}
		{568918EE-0363-4EE9-BDB6-F7F2BEDE2775} = {A1B48C8C-9FC5-42A3-AFAF-5DF3BF9B1ED2}
		{9A1522B4-A2CE-40F7-8456-EDC2C25662D8} = {A1B48C8C-9FC5-42A3-AFAF-5DF3BF9B1ED2}
		{2676DF9B-75F4-40E0-B6FD-B42A8247F7BC} = {A1B48C8C-9FC5-42A3-AFAF-5DF3BF9B1ED2}
		{257BDDF1-629E-4163-825D-91FC28542E1C} = {B5AE02C4-7B71-4AAA-A4CB-EF7D735385E2}
		{FE51C4A1-35B2-4638-BC8D-E2CD1C622A05} = {B5AE02C4-7B71-4AAA-A4CB-EF7D735385E2}
		{CBC4303D-1E97-47B7-9AFE-3EB2B65CA68E} = {B5AE02C4-7B71-4AAA-A4CB-EF7D735385E2}
	EndGlobalSection
	GlobalSection(ExtensibilityGlobals) = postSolution
		SolutionGuid = {8AA67222-7714-4E39-A7C3-0466E34940FF}
	EndGlobalSection
EndGlobal
